
Microsoft Visual Studio Solution File, Format Version 12.00
# Visual Studio Version 17
VisualStudioVersion = 17.4.33122.133
MinimumVisualStudioVersion = 10.0.40219.1
Project("{FAE04EC0-301F-11D3-BF4B-00C04F79EFBC}") = "CCDevTools", "CCDevTools\CCDevTools.csproj", "{19E946F0-9E03-4688-83B6-F45A87C415B8}"
EndProject
Global
	GlobalSection(SolutionConfigurationPlatforms) = preSolution
		Debug|Any CPU = Debug|Any CPU
		Release|Any CPU = Release|Any CPU
	EndGlobalSection
	GlobalSection(ProjectConfigurationPlatforms) = postSolution
		{19E946F0-9E03-4688-83B6-F45A87C415B8}.Debug|Any CPU.ActiveCfg = Debug|Any CPU
		{19E946F0-9E03-4688-83B6-F45A87C415B8}.Debug|Any CPU.Build.0 = Debug|Any CPU
		{19E946F0-9E03-4688-83B6-F45A87C415B8}.Release|Any CPU.ActiveCfg = Release|Any CPU
		{19E946F0-9E03-4688-83B6-F45A87C415B8}.Release|Any CPU.Build.0 = Release|Any CPU
	EndGlobalSection
	GlobalSection(SolutionProperties) = preSolution
		HideSolutionNode = FALSE
	EndGlobalSection
	GlobalSection(ExtensibilityGlobals) = postSolution
		SolutionGuid = {82083395-F2C9-4331-A161-32D5CC3B7AC7}
	EndGlobalSection
EndGlobal
